
Microsoft Visual Studio Solution File, Format Version 12.00
# Visual Studio Version 16
VisualStudioVersion = 16.0.32929.386
MinimumVisualStudioVersion = 10.0.40219.1
Project("{FAE04EC0-301F-11D3-BF4B-00C04F79EFBC}") = "MLRP_Biotech", "MLRP_Biotech.csproj", "{DEBAB9C0-74C8-438C-BE8B-29F1E78BBE80}"
EndProject
Global
	GlobalSection(SolutionConfigurationPlatforms) = preSolution
		Debug|Any CPU = Debug|Any CPU
		Release|Any CPU = Release|Any CPU
	EndGlobalSection
	GlobalSection(ProjectConfigurationPlatforms) = postSolution
		{DEBAB9C0-74C8-438C-BE8B-29F1E78BBE80}.Debug|Any CPU.ActiveCfg = Debug|Any CPU
		{DEBAB9C0-74C8-438C-BE8B-29F1E78BBE80}.Debug|Any CPU.Build.0 = Debug|Any CPU
		{DEBAB9C0-74C8-438C-BE8B-29F1E78BBE80}.Release|Any CPU.ActiveCfg = Release|Any CPU
		{DEBAB9C0-74C8-438C-BE8B-29F1E78BBE80}.Release|Any CPU.Build.0 = Release|Any CPU
	EndGlobalSection
	GlobalSection(SolutionProperties) = preSolution
		HideSolutionNode = FALSE
	EndGlobalSection
	GlobalSection(ExtensibilityGlobals) = postSolution
		SolutionGuid = {DE81AFFA-0331-46A5-9D28-A55D02861D8A}
	EndGlobalSection
EndGlobal
